// !$*UTF8*$!
{
	archiveVersion = 1;
	classes = {
	};
	objectVersion = 50;
	objects = {

/* Begin PBXBuildFile section */
		66F801AC1F93D6D170A656E0 /* Pods_PrefixTests.framework in Frameworks */ = {isa = PBXBuildFile; fileRef = 87D297BBADA543EC8EFA5168 /* Pods_PrefixTests.framework */; };
		9691D268E2F8433B0E52293C /* Pods_PrefixUITests.framework in Frameworks */ = {isa = PBXBuildFile; fileRef = 35F325BE9229386DF4EA9B2D /* Pods_PrefixUITests.framework */; };
		A4358FEA2201D39A00C556DA /* AppDelegate.swift in Sources */ = {isa = PBXBuildFile; fileRef = A4358FE92201D39A00C556DA /* AppDelegate.swift */; };
		A4358FEC2201D39A00C556DA /* HomeViewController.swift in Sources */ = {isa = PBXBuildFile; fileRef = A4358FEB2201D39A00C556DA /* HomeViewController.swift */; };
		A4358FEF2201D39A00C556DA /* Main.storyboard in Resources */ = {isa = PBXBuildFile; fileRef = A4358FED2201D39A00C556DA /* Main.storyboard */; };
		A4358FF22201D39A00C556DA /* Prefix.xcdatamodeld in Sources */ = {isa = PBXBuildFile; fileRef = A4358FF02201D39A00C556DA /* Prefix.xcdatamodeld */; };
		A4358FF42201D39B00C556DA /* Assets.xcassets in Resources */ = {isa = PBXBuildFile; fileRef = A4358FF32201D39B00C556DA /* Assets.xcassets */; };
		A4358FF72201D39B00C556DA /* LaunchScreen.storyboard in Resources */ = {isa = PBXBuildFile; fileRef = A4358FF52201D39B00C556DA /* LaunchScreen.storyboard */; };
		A43590022201D39B00C556DA /* PrefixTests.swift in Sources */ = {isa = PBXBuildFile; fileRef = A43590012201D39B00C556DA /* PrefixTests.swift */; };
		A435900D2201D39B00C556DA /* PrefixUITests.swift in Sources */ = {isa = PBXBuildFile; fileRef = A435900C2201D39B00C556DA /* PrefixUITests.swift */; };
		A435901B2201DFF200C556DA /* GoogleService-Info.plist in Resources */ = {isa = PBXBuildFile; fileRef = A435901A2201DFF200C556DA /* GoogleService-Info.plist */; };
		A454FF782204636E0095A0CE /* Constants.swift in Sources */ = {isa = PBXBuildFile; fileRef = A454FF772204636E0095A0CE /* Constants.swift */; };
		A454FF7A220463830095A0CE /* Font.swift in Sources */ = {isa = PBXBuildFile; fileRef = A454FF79220463830095A0CE /* Font.swift */; };
		A454FF7C220463AA0095A0CE /* Colors.swift in Sources */ = {isa = PBXBuildFile; fileRef = A454FF7B220463AA0095A0CE /* Colors.swift */; };
		A454FF8A220466280095A0CE /* Museo_Slab_100.otf in Resources */ = {isa = PBXBuildFile; fileRef = A454FF7D220466270095A0CE /* Museo_Slab_100.otf */; };
		A454FF8B220466280095A0CE /* Museo_Slab_500.otf in Resources */ = {isa = PBXBuildFile; fileRef = A454FF7E220466270095A0CE /* Museo_Slab_500.otf */; };
		A454FF8C220466280095A0CE /* Museo_Slab_300italic.otf in Resources */ = {isa = PBXBuildFile; fileRef = A454FF7F220466270095A0CE /* Museo_Slab_300italic.otf */; };
		A454FF8D220466280095A0CE /* Museo_Slab_300.otf in Resources */ = {isa = PBXBuildFile; fileRef = A454FF80220466270095A0CE /* Museo_Slab_300.otf */; };
		A454FF8E220466280095A0CE /* Museo_Slab_700.otf in Resources */ = {isa = PBXBuildFile; fileRef = A454FF81220466270095A0CE /* Museo_Slab_700.otf */; };
		A454FF90220466280095A0CE /* Museo_Slab_1000italic.otf in Resources */ = {isa = PBXBuildFile; fileRef = A454FF83220466270095A0CE /* Museo_Slab_1000italic.otf */; };
		A454FF91220466280095A0CE /* Museo_Slab_1000.otf in Resources */ = {isa = PBXBuildFile; fileRef = A454FF84220466280095A0CE /* Museo_Slab_1000.otf */; };
		A454FF92220466280095A0CE /* Museo_Slab_700italic.otf in Resources */ = {isa = PBXBuildFile; fileRef = A454FF85220466280095A0CE /* Museo_Slab_700italic.otf */; };
		A454FF93220466280095A0CE /* Museo_Slab_500italic.otf in Resources */ = {isa = PBXBuildFile; fileRef = A454FF86220466280095A0CE /* Museo_Slab_500italic.otf */; };
		A454FF94220466280095A0CE /* Museo_Slab_900italic.otf in Resources */ = {isa = PBXBuildFile; fileRef = A454FF87220466280095A0CE /* Museo_Slab_900italic.otf */; };
		A454FF95220466280095A0CE /* Museo_Slab_900.otf in Resources */ = {isa = PBXBuildFile; fileRef = A454FF88220466280095A0CE /* Museo_Slab_900.otf */; };
		A454FF96220466280095A0CE /* Museo_Slab_100italic.otf in Resources */ = {isa = PBXBuildFile; fileRef = A454FF89220466280095A0CE /* Museo_Slab_100italic.otf */; };
		A49AC2FF221AF0A400F11EB2 /* DetailViewController.swift in Sources */ = {isa = PBXBuildFile; fileRef = A49AC2FE221AF0A400F11EB2 /* DetailViewController.swift */; };
		A4F4943522085E80002196E3 /* feed.json in Resources */ = {isa = PBXBuildFile; fileRef = A4F4943422085E80002196E3 /* feed.json */; };
		BEC59C61C7BDDDB7C2391CE1 /* Pods_Prefix.framework in Frameworks */ = {isa = PBXBuildFile; fileRef = FD8C2A02A98C6C76AACD2649 /* Pods_Prefix.framework */; };
/* End PBXBuildFile section */

/* Begin PBXContainerItemProxy section */
		A4358FFE2201D39B00C556DA /* PBXContainerItemProxy */ = {
			isa = PBXContainerItemProxy;
			containerPortal = A4358FDE2201D39A00C556DA /* Project object */;
			proxyType = 1;
			remoteGlobalIDString = A4358FE52201D39A00C556DA;
			remoteInfo = Prefix;
		};
		A43590092201D39B00C556DA /* PBXContainerItemProxy */ = {
			isa = PBXContainerItemProxy;
			containerPortal = A4358FDE2201D39A00C556DA /* Project object */;
			proxyType = 1;
			remoteGlobalIDString = A4358FE52201D39A00C556DA;
			remoteInfo = Prefix;
		};
/* End PBXContainerItemProxy section */

/* Begin PBXFileReference section */
		208D323FB2777A43419D33B0 /* Pods-PrefixTests.debug.xcconfig */ = {isa = PBXFileReference; includeInIndex = 1; lastKnownFileType = text.xcconfig; name = "Pods-PrefixTests.debug.xcconfig"; path = "Pods/Target Support Files/Pods-PrefixTests/Pods-PrefixTests.debug.xcconfig"; sourceTree = "<group>"; };
		35F325BE9229386DF4EA9B2D /* Pods_PrefixUITests.framework */ = {isa = PBXFileReference; explicitFileType = wrapper.framework; includeInIndex = 0; path = Pods_PrefixUITests.framework; sourceTree = BUILT_PRODUCTS_DIR; };
		4BE87C61FC1A88BDE871A2EB /* Pods-PrefixUITests.release.xcconfig */ = {isa = PBXFileReference; includeInIndex = 1; lastKnownFileType = text.xcconfig; name = "Pods-PrefixUITests.release.xcconfig"; path = "Pods/Target Support Files/Pods-PrefixUITests/Pods-PrefixUITests.release.xcconfig"; sourceTree = "<group>"; };
		72DD71FD0DEEDC2028E5B47C /* Pods-Prefix.release.xcconfig */ = {isa = PBXFileReference; includeInIndex = 1; lastKnownFileType = text.xcconfig; name = "Pods-Prefix.release.xcconfig"; path = "Pods/Target Support Files/Pods-Prefix/Pods-Prefix.release.xcconfig"; sourceTree = "<group>"; };
		87D297BBADA543EC8EFA5168 /* Pods_PrefixTests.framework */ = {isa = PBXFileReference; explicitFileType = wrapper.framework; includeInIndex = 0; path = Pods_PrefixTests.framework; sourceTree = BUILT_PRODUCTS_DIR; };
		A4358FE62201D39A00C556DA /* Prefix.app */ = {isa = PBXFileReference; explicitFileType = wrapper.application; includeInIndex = 0; path = Prefix.app; sourceTree = BUILT_PRODUCTS_DIR; };
		A4358FE92201D39A00C556DA /* AppDelegate.swift */ = {isa = PBXFileReference; lastKnownFileType = sourcecode.swift; path = AppDelegate.swift; sourceTree = "<group>"; };
		A4358FEB2201D39A00C556DA /* HomeViewController.swift */ = {isa = PBXFileReference; lastKnownFileType = sourcecode.swift; path = HomeViewController.swift; sourceTree = "<group>"; };
		A4358FEE2201D39A00C556DA /* Base */ = {isa = PBXFileReference; lastKnownFileType = file.storyboard; name = Base; path = Base.lproj/Main.storyboard; sourceTree = "<group>"; };
		A4358FF12201D39A00C556DA /* Prefix.xcdatamodel */ = {isa = PBXFileReference; lastKnownFileType = wrapper.xcdatamodel; path = Prefix.xcdatamodel; sourceTree = "<group>"; };
		A4358FF32201D39B00C556DA /* Assets.xcassets */ = {isa = PBXFileReference; lastKnownFileType = folder.assetcatalog; path = Assets.xcassets; sourceTree = "<group>"; };
		A4358FF62201D39B00C556DA /* Base */ = {isa = PBXFileReference; lastKnownFileType = file.storyboard; name = Base; path = Base.lproj/LaunchScreen.storyboard; sourceTree = "<group>"; };
		A4358FF82201D39B00C556DA /* Info.plist */ = {isa = PBXFileReference; lastKnownFileType = text.plist.xml; path = Info.plist; sourceTree = "<group>"; };
		A4358FFD2201D39B00C556DA /* PrefixTests.xctest */ = {isa = PBXFileReference; explicitFileType = wrapper.cfbundle; includeInIndex = 0; path = PrefixTests.xctest; sourceTree = BUILT_PRODUCTS_DIR; };
		A43590012201D39B00C556DA /* PrefixTests.swift */ = {isa = PBXFileReference; lastKnownFileType = sourcecode.swift; path = PrefixTests.swift; sourceTree = "<group>"; };
		A43590032201D39B00C556DA /* Info.plist */ = {isa = PBXFileReference; lastKnownFileType = text.plist.xml; path = Info.plist; sourceTree = "<group>"; };
		A43590082201D39B00C556DA /* PrefixUITests.xctest */ = {isa = PBXFileReference; explicitFileType = wrapper.cfbundle; includeInIndex = 0; path = PrefixUITests.xctest; sourceTree = BUILT_PRODUCTS_DIR; };
		A435900C2201D39B00C556DA /* PrefixUITests.swift */ = {isa = PBXFileReference; lastKnownFileType = sourcecode.swift; path = PrefixUITests.swift; sourceTree = "<group>"; };
		A435900E2201D39B00C556DA /* Info.plist */ = {isa = PBXFileReference; lastKnownFileType = text.plist.xml; path = Info.plist; sourceTree = "<group>"; };
		A435901A2201DFF200C556DA /* GoogleService-Info.plist */ = {isa = PBXFileReference; fileEncoding = 4; lastKnownFileType = text.plist.xml; name = "GoogleService-Info.plist"; path = "../../../Firebase/iOs/GoogleService-Info.plist"; sourceTree = "<group>"; };
		A454FF772204636E0095A0CE /* Constants.swift */ = {isa = PBXFileReference; lastKnownFileType = sourcecode.swift; path = Constants.swift; sourceTree = "<group>"; };
		A454FF79220463830095A0CE /* Font.swift */ = {isa = PBXFileReference; lastKnownFileType = sourcecode.swift; path = Font.swift; sourceTree = "<group>"; };
		A454FF7B220463AA0095A0CE /* Colors.swift */ = {isa = PBXFileReference; lastKnownFileType = sourcecode.swift; path = Colors.swift; sourceTree = "<group>"; };
		A454FF7D220466270095A0CE /* Museo_Slab_100.otf */ = {isa = PBXFileReference; lastKnownFileType = file; path = Museo_Slab_100.otf; sourceTree = "<group>"; };
		A454FF7E220466270095A0CE /* Museo_Slab_500.otf */ = {isa = PBXFileReference; lastKnownFileType = file; path = Museo_Slab_500.otf; sourceTree = "<group>"; };
		A454FF7F220466270095A0CE /* Museo_Slab_300italic.otf */ = {isa = PBXFileReference; lastKnownFileType = file; path = Museo_Slab_300italic.otf; sourceTree = "<group>"; };
		A454FF80220466270095A0CE /* Museo_Slab_300.otf */ = {isa = PBXFileReference; lastKnownFileType = file; path = Museo_Slab_300.otf; sourceTree = "<group>"; };
		A454FF81220466270095A0CE /* Museo_Slab_700.otf */ = {isa = PBXFileReference; lastKnownFileType = file; path = Museo_Slab_700.otf; sourceTree = "<group>"; };
		A454FF83220466270095A0CE /* Museo_Slab_1000italic.otf */ = {isa = PBXFileReference; lastKnownFileType = file; path = Museo_Slab_1000italic.otf; sourceTree = "<group>"; };
		A454FF84220466280095A0CE /* Museo_Slab_1000.otf */ = {isa = PBXFileReference; lastKnownFileType = file; path = Museo_Slab_1000.otf; sourceTree = "<group>"; };
		A454FF85220466280095A0CE /* Museo_Slab_700italic.otf */ = {isa = PBXFileReference; lastKnownFileType = file; path = Museo_Slab_700italic.otf; sourceTree = "<group>"; };
		A454FF86220466280095A0CE /* Museo_Slab_500italic.otf */ = {isa = PBXFileReference; lastKnownFileType = file; path = Museo_Slab_500italic.otf; sourceTree = "<group>"; };
		A454FF87220466280095A0CE /* Museo_Slab_900italic.otf */ = {isa = PBXFileReference; lastKnownFileType = file; path = Museo_Slab_900italic.otf; sourceTree = "<group>"; };
		A454FF88220466280095A0CE /* Museo_Slab_900.otf */ = {isa = PBXFileReference; lastKnownFileType = file; path = Museo_Slab_900.otf; sourceTree = "<group>"; };
		A454FF89220466280095A0CE /* Museo_Slab_100italic.otf */ = {isa = PBXFileReference; lastKnownFileType = file; path = Museo_Slab_100italic.otf; sourceTree = "<group>"; };
		A49AC2FE221AF0A400F11EB2 /* DetailViewController.swift */ = {isa = PBXFileReference; lastKnownFileType = sourcecode.swift; path = DetailViewController.swift; sourceTree = "<group>"; };
		A4F4943422085E80002196E3 /* feed.json */ = {isa = PBXFileReference; fileEncoding = 4; lastKnownFileType = text.json; path = feed.json; sourceTree = "<group>"; };
		DC40F991C0F95306D670942C /* Pods-PrefixTests.release.xcconfig */ = {isa = PBXFileReference; includeInIndex = 1; lastKnownFileType = text.xcconfig; name = "Pods-PrefixTests.release.xcconfig"; path = "Pods/Target Support Files/Pods-PrefixTests/Pods-PrefixTests.release.xcconfig"; sourceTree = "<group>"; };
		DC52D55842406021BD086293 /* Pods-PrefixUITests.debug.xcconfig */ = {isa = PBXFileReference; includeInIndex = 1; lastKnownFileType = text.xcconfig; name = "Pods-PrefixUITests.debug.xcconfig"; path = "Pods/Target Support Files/Pods-PrefixUITests/Pods-PrefixUITests.debug.xcconfig"; sourceTree = "<group>"; };
		EDF314E5BCA20BCB3D61AE91 /* Pods-Prefix.debug.xcconfig */ = {isa = PBXFileReference; includeInIndex = 1; lastKnownFileType = text.xcconfig; name = "Pods-Prefix.debug.xcconfig"; path = "Pods/Target Support Files/Pods-Prefix/Pods-Prefix.debug.xcconfig"; sourceTree = "<group>"; };
		FD8C2A02A98C6C76AACD2649 /* Pods_Prefix.framework */ = {isa = PBXFileReference; explicitFileType = wrapper.framework; includeInIndex = 0; path = Pods_Prefix.framework; sourceTree = BUILT_PRODUCTS_DIR; };
/* End PBXFileReference section */

/* Begin PBXFrameworksBuildPhase section */
		A4358FE32201D39A00C556DA /* Frameworks */ = {
			isa = PBXFrameworksBuildPhase;
			buildActionMask = 2147483647;
			files = (
				BEC59C61C7BDDDB7C2391CE1 /* Pods_Prefix.framework in Frameworks */,
			);
			runOnlyForDeploymentPostprocessing = 0;
		};
		A4358FFA2201D39B00C556DA /* Frameworks */ = {
			isa = PBXFrameworksBuildPhase;
			buildActionMask = 2147483647;
			files = (
				66F801AC1F93D6D170A656E0 /* Pods_PrefixTests.framework in Frameworks */,
			);
			runOnlyForDeploymentPostprocessing = 0;
		};
		A43590052201D39B00C556DA /* Frameworks */ = {
			isa = PBXFrameworksBuildPhase;
			buildActionMask = 2147483647;
			files = (
				9691D268E2F8433B0E52293C /* Pods_PrefixUITests.framework in Frameworks */,
			);
			runOnlyForDeploymentPostprocessing = 0;
		};
/* End PBXFrameworksBuildPhase section */

/* Begin PBXGroup section */
		89887E3260DCED2B50BA414E /* Frameworks */ = {
			isa = PBXGroup;
			children = (
				FD8C2A02A98C6C76AACD2649 /* Pods_Prefix.framework */,
				87D297BBADA543EC8EFA5168 /* Pods_PrefixTests.framework */,
				35F325BE9229386DF4EA9B2D /* Pods_PrefixUITests.framework */,
			);
			name = Frameworks;
			sourceTree = "<group>";
		};
		A4358FDD2201D39A00C556DA = {
			isa = PBXGroup;
			children = (
				A4358FE82201D39A00C556DA /* Prefix */,
				A43590002201D39B00C556DA /* PrefixTests */,
				A435900B2201D39B00C556DA /* PrefixUITests */,
				A4358FE72201D39A00C556DA /* Products */,
				D53D87F06F2C9CF67CF07458 /* Pods */,
				89887E3260DCED2B50BA414E /* Frameworks */,
			);
			sourceTree = "<group>";
		};
		A4358FE72201D39A00C556DA /* Products */ = {
			isa = PBXGroup;
			children = (
				A4358FE62201D39A00C556DA /* Prefix.app */,
				A4358FFD2201D39B00C556DA /* PrefixTests.xctest */,
				A43590082201D39B00C556DA /* PrefixUITests.xctest */,
			);
			name = Products;
			sourceTree = "<group>";
		};
		A4358FE82201D39A00C556DA /* Prefix */ = {
			isa = PBXGroup;
			children = (
				A454FF76220463220095A0CE /* Application */,
				A454FF75220462EA0095A0CE /* Services */,
				A454FF742204622B0095A0CE /* ViewControllers */,
				A454FF7122045C770095A0CE /* resources */,
				A435901A2201DFF200C556DA /* GoogleService-Info.plist */,
				A4358FED2201D39A00C556DA /* Main.storyboard */,
				A4358FF32201D39B00C556DA /* Assets.xcassets */,
				A4358FF52201D39B00C556DA /* LaunchScreen.storyboard */,
				A4358FF82201D39B00C556DA /* Info.plist */,
				A4358FF02201D39A00C556DA /* Prefix.xcdatamodeld */,
			);
			path = Prefix;
			sourceTree = "<group>";
		};
		A43590002201D39B00C556DA /* PrefixTests */ = {
			isa = PBXGroup;
			children = (
				A43590012201D39B00C556DA /* PrefixTests.swift */,
				A43590032201D39B00C556DA /* Info.plist */,
			);
			path = PrefixTests;
			sourceTree = "<group>";
		};
		A435900B2201D39B00C556DA /* PrefixUITests */ = {
			isa = PBXGroup;
			children = (
				A435900C2201D39B00C556DA /* PrefixUITests.swift */,
				A435900E2201D39B00C556DA /* Info.plist */,
			);
			path = PrefixUITests;
			sourceTree = "<group>";
		};
		A454FF7122045C770095A0CE /* resources */ = {
			isa = PBXGroup;
			children = (
				A4F4943322085E5F002196E3 /* data */,
				A454FF7222045C9A0095A0CE /* font */,
			);
			path = resources;
			sourceTree = "<group>";
		};
		A454FF7222045C9A0095A0CE /* font */ = {
			isa = PBXGroup;
			children = (
				A454FF7D220466270095A0CE /* Museo_Slab_100.otf */,
				A454FF89220466280095A0CE /* Museo_Slab_100italic.otf */,
				A454FF80220466270095A0CE /* Museo_Slab_300.otf */,
				A454FF7F220466270095A0CE /* Museo_Slab_300italic.otf */,
				A454FF7E220466270095A0CE /* Museo_Slab_500.otf */,
				A454FF86220466280095A0CE /* Museo_Slab_500italic.otf */,
				A454FF81220466270095A0CE /* Museo_Slab_700.otf */,
				A454FF85220466280095A0CE /* Museo_Slab_700italic.otf */,
				A454FF88220466280095A0CE /* Museo_Slab_900.otf */,
				A454FF87220466280095A0CE /* Museo_Slab_900italic.otf */,
				A454FF84220466280095A0CE /* Museo_Slab_1000.otf */,
				A454FF83220466270095A0CE /* Museo_Slab_1000italic.otf */,
			);
			path = font;
			sourceTree = "<group>";
		};
		A454FF742204622B0095A0CE /* ViewControllers */ = {
			isa = PBXGroup;
			children = (
				A49AC2FD221AF06900F11EB2 /* DetailViewController */,
				A454FF97220466780095A0CE /* HomeViewController */,
			);
			path = ViewControllers;
			sourceTree = "<group>";
		};
		A454FF75220462EA0095A0CE /* Services */ = {
			isa = PBXGroup;
			children = (
			);
			path = Services;
			sourceTree = "<group>";
		};
		A454FF76220463220095A0CE /* Application */ = {
			isa = PBXGroup;
			children = (
				A4358FE92201D39A00C556DA /* AppDelegate.swift */,
				A454FF772204636E0095A0CE /* Constants.swift */,
				A454FF79220463830095A0CE /* Font.swift */,
				A454FF7B220463AA0095A0CE /* Colors.swift */,
			);
			path = Application;
			sourceTree = "<group>";
		};
		A454FF97220466780095A0CE /* HomeViewController */ = {
			isa = PBXGroup;
			children = (
				A4358FEB2201D39A00C556DA /* HomeViewController.swift */,
			);
			path = HomeViewController;
			sourceTree = "<group>";
		};
		A49AC2FD221AF06900F11EB2 /* DetailViewController */ = {
			isa = PBXGroup;
			children = (
				A49AC2FE221AF0A400F11EB2 /* DetailViewController.swift */,
			);
			path = DetailViewController;
			sourceTree = "<group>";
		};
		A4F4943322085E5F002196E3 /* data */ = {
			isa = PBXGroup;
			children = (
				A4F4943422085E80002196E3 /* feed.json */,
			);
			path = data;
			sourceTree = "<group>";
		};
		D53D87F06F2C9CF67CF07458 /* Pods */ = {
			isa = PBXGroup;
			children = (
				EDF314E5BCA20BCB3D61AE91 /* Pods-Prefix.debug.xcconfig */,
				72DD71FD0DEEDC2028E5B47C /* Pods-Prefix.release.xcconfig */,
				208D323FB2777A43419D33B0 /* Pods-PrefixTests.debug.xcconfig */,
				DC40F991C0F95306D670942C /* Pods-PrefixTests.release.xcconfig */,
				DC52D55842406021BD086293 /* Pods-PrefixUITests.debug.xcconfig */,
				4BE87C61FC1A88BDE871A2EB /* Pods-PrefixUITests.release.xcconfig */,
			);
			name = Pods;
			sourceTree = "<group>";
		};
/* End PBXGroup section */

/* Begin PBXNativeTarget section */
		A4358FE52201D39A00C556DA /* Prefix */ = {
			isa = PBXNativeTarget;
			buildConfigurationList = A43590112201D39B00C556DA /* Build configuration list for PBXNativeTarget "Prefix" */;
			buildPhases = (
				3255A81630B24B9D13301F60 /* [CP] Check Pods Manifest.lock */,
				A4358FE22201D39A00C556DA /* Sources */,
				A4358FE32201D39A00C556DA /* Frameworks */,
				A4358FE42201D39A00C556DA /* Resources */,
				BF794A29F3A33F531255648F /* [CP] Embed Pods Frameworks */,
				0559BE2EC204CB2FB797A5FA /* [CP] Copy Pods Resources */,
			);
			buildRules = (
			);
			dependencies = (
			);
			name = Prefix;
			productName = Prefix;
			productReference = A4358FE62201D39A00C556DA /* Prefix.app */;
			productType = "com.apple.product-type.application";
		};
		A4358FFC2201D39B00C556DA /* PrefixTests */ = {
			isa = PBXNativeTarget;
			buildConfigurationList = A43590142201D39B00C556DA /* Build configuration list for PBXNativeTarget "PrefixTests" */;
			buildPhases = (
				DD0C26DD2CC6067FE21BF327 /* [CP] Check Pods Manifest.lock */,
				A4358FF92201D39B00C556DA /* Sources */,
				A4358FFA2201D39B00C556DA /* Frameworks */,
				A4358FFB2201D39B00C556DA /* Resources */,
				472FEB91379CC7E0536238AA /* [CP] Embed Pods Frameworks */,
				E42EB20E6F1AAF45DB38BAD1 /* [CP] Copy Pods Resources */,
			);
			buildRules = (
			);
			dependencies = (
				A4358FFF2201D39B00C556DA /* PBXTargetDependency */,
			);
			name = PrefixTests;
			productName = PrefixTests;
			productReference = A4358FFD2201D39B00C556DA /* PrefixTests.xctest */;
			productType = "com.apple.product-type.bundle.unit-test";
		};
		A43590072201D39B00C556DA /* PrefixUITests */ = {
			isa = PBXNativeTarget;
			buildConfigurationList = A43590172201D39B00C556DA /* Build configuration list for PBXNativeTarget "PrefixUITests" */;
			buildPhases = (
				5402F7E69B6221C24ED02720 /* [CP] Check Pods Manifest.lock */,
				A43590042201D39B00C556DA /* Sources */,
				A43590052201D39B00C556DA /* Frameworks */,
				A43590062201D39B00C556DA /* Resources */,
				65901234F61BDA779695EB52 /* [CP] Embed Pods Frameworks */,
				8ACE8FE8FB44D7B0B4BB3D27 /* [CP] Copy Pods Resources */,
			);
			buildRules = (
			);
			dependencies = (
				A435900A2201D39B00C556DA /* PBXTargetDependency */,
			);
			name = PrefixUITests;
			productName = PrefixUITests;
			productReference = A43590082201D39B00C556DA /* PrefixUITests.xctest */;
			productType = "com.apple.product-type.bundle.ui-testing";
		};
/* End PBXNativeTarget section */

/* Begin PBXProject section */
		A4358FDE2201D39A00C556DA /* Project object */ = {
			isa = PBXProject;
			attributes = {
				LastSwiftUpdateCheck = 1010;
				LastUpgradeCheck = 1010;
				ORGANIZATIONNAME = "per thoresson";
				TargetAttributes = {
					A4358FE52201D39A00C556DA = {
						CreatedOnToolsVersion = 10.1;
					};
					A4358FFC2201D39B00C556DA = {
						CreatedOnToolsVersion = 10.1;
						TestTargetID = A4358FE52201D39A00C556DA;
					};
					A43590072201D39B00C556DA = {
						CreatedOnToolsVersion = 10.1;
						TestTargetID = A4358FE52201D39A00C556DA;
					};
				};
			};
			buildConfigurationList = A4358FE12201D39A00C556DA /* Build configuration list for PBXProject "Prefix" */;
			compatibilityVersion = "Xcode 9.3";
			developmentRegion = en;
			hasScannedForEncodings = 0;
			knownRegions = (
				en,
				Base,
			);
			mainGroup = A4358FDD2201D39A00C556DA;
			productRefGroup = A4358FE72201D39A00C556DA /* Products */;
			projectDirPath = "";
			projectRoot = "";
			targets = (
				A4358FE52201D39A00C556DA /* Prefix */,
				A4358FFC2201D39B00C556DA /* PrefixTests */,
				A43590072201D39B00C556DA /* PrefixUITests */,
			);
		};
/* End PBXProject section */

/* Begin PBXResourcesBuildPhase section */
		A4358FE42201D39A00C556DA /* Resources */ = {
			isa = PBXResourcesBuildPhase;
			buildActionMask = 2147483647;
			files = (
				A4358FF72201D39B00C556DA /* LaunchScreen.storyboard in Resources */,
				A454FF93220466280095A0CE /* Museo_Slab_500italic.otf in Resources */,
				A4F4943522085E80002196E3 /* feed.json in Resources */,
				A435901B2201DFF200C556DA /* GoogleService-Info.plist in Resources */,
				A454FF90220466280095A0CE /* Museo_Slab_1000italic.otf in Resources */,
				A454FF8A220466280095A0CE /* Museo_Slab_100.otf in Resources */,
				A454FF8E220466280095A0CE /* Museo_Slab_700.otf in Resources */,
				A454FF92220466280095A0CE /* Museo_Slab_700italic.otf in Resources */,
				A454FF8B220466280095A0CE /* Museo_Slab_500.otf in Resources */,
				A454FF96220466280095A0CE /* Museo_Slab_100italic.otf in Resources */,
				A4358FF42201D39B00C556DA /* Assets.xcassets in Resources */,
				A454FF94220466280095A0CE /* Museo_Slab_900italic.otf in Resources */,
				A454FF8D220466280095A0CE /* Museo_Slab_300.otf in Resources */,
				A454FF95220466280095A0CE /* Museo_Slab_900.otf in Resources */,
				A454FF91220466280095A0CE /* Museo_Slab_1000.otf in Resources */,
				A454FF8C220466280095A0CE /* Museo_Slab_300italic.otf in Resources */,
				A4358FEF2201D39A00C556DA /* Main.storyboard in Resources */,
			);
			runOnlyForDeploymentPostprocessing = 0;
		};
		A4358FFB2201D39B00C556DA /* Resources */ = {
			isa = PBXResourcesBuildPhase;
			buildActionMask = 2147483647;
			files = (
			);
			runOnlyForDeploymentPostprocessing = 0;
		};
		A43590062201D39B00C556DA /* Resources */ = {
			isa = PBXResourcesBuildPhase;
			buildActionMask = 2147483647;
			files = (
			);
			runOnlyForDeploymentPostprocessing = 0;
		};
/* End PBXResourcesBuildPhase section */

/* Begin PBXShellScriptBuildPhase section */
		0559BE2EC204CB2FB797A5FA /* [CP] Copy Pods Resources */ = {
			isa = PBXShellScriptBuildPhase;
			buildActionMask = 2147483647;
			files = (
			);
			inputFileListPaths = (
			);
			inputPaths = (
			);
			name = "[CP] Copy Pods Resources";
			outputFileListPaths = (
			);
			outputPaths = (
			);
			runOnlyForDeploymentPostprocessing = 0;
			shellPath = /bin/sh;
			shellScript = "\"${SRCROOT}/Pods/Target Support Files/Pods-Prefix/Pods-Prefix-resources.sh\"\n";
			showEnvVarsInLog = 0;
		};
		3255A81630B24B9D13301F60 /* [CP] Check Pods Manifest.lock */ = {
			isa = PBXShellScriptBuildPhase;
			buildActionMask = 2147483647;
			files = (
			);
			inputFileListPaths = (
			);
			inputPaths = (
				"${PODS_PODFILE_DIR_PATH}/Podfile.lock",
				"${PODS_ROOT}/Manifest.lock",
			);
			name = "[CP] Check Pods Manifest.lock";
			outputFileListPaths = (
			);
			outputPaths = (
				"$(DERIVED_FILE_DIR)/Pods-Prefix-checkManifestLockResult.txt",
			);
			runOnlyForDeploymentPostprocessing = 0;
			shellPath = /bin/sh;
			shellScript = "diff \"${PODS_PODFILE_DIR_PATH}/Podfile.lock\" \"${PODS_ROOT}/Manifest.lock\" > /dev/null\nif [ $? != 0 ] ; then\n    # print error to STDERR\n    echo \"error: The sandbox is not in sync with the Podfile.lock. Run 'pod install' or update your CocoaPods installation.\" >&2\n    exit 1\nfi\n# This output is used by Xcode 'outputs' to avoid re-running this script phase.\necho \"SUCCESS\" > \"${SCRIPT_OUTPUT_FILE_0}\"\n";
			showEnvVarsInLog = 0;
		};
		472FEB91379CC7E0536238AA /* [CP] Embed Pods Frameworks */ = {
			isa = PBXShellScriptBuildPhase;
			buildActionMask = 2147483647;
			files = (
			);
			inputFileListPaths = (
			);
			inputPaths = (
			);
			name = "[CP] Embed Pods Frameworks";
			outputFileListPaths = (
			);
			outputPaths = (
			);
			runOnlyForDeploymentPostprocessing = 0;
			shellPath = /bin/sh;
			shellScript = "\"${SRCROOT}/Pods/Target Support Files/Pods-PrefixTests/Pods-PrefixTests-frameworks.sh\"\n";
			showEnvVarsInLog = 0;
		};
		5402F7E69B6221C24ED02720 /* [CP] Check Pods Manifest.lock */ = {
			isa = PBXShellScriptBuildPhase;
			buildActionMask = 2147483647;
			files = (
			);
			inputFileListPaths = (
			);
			inputPaths = (
				"${PODS_PODFILE_DIR_PATH}/Podfile.lock",
				"${PODS_ROOT}/Manifest.lock",
			);
			name = "[CP] Check Pods Manifest.lock";
			outputFileListPaths = (
			);
			outputPaths = (
				"$(DERIVED_FILE_DIR)/Pods-PrefixUITests-checkManifestLockResult.txt",
			);
			runOnlyForDeploymentPostprocessing = 0;
			shellPath = /bin/sh;
			shellScript = "diff \"${PODS_PODFILE_DIR_PATH}/Podfile.lock\" \"${PODS_ROOT}/Manifest.lock\" > /dev/null\nif [ $? != 0 ] ; then\n    # print error to STDERR\n    echo \"error: The sandbox is not in sync with the Podfile.lock. Run 'pod install' or update your CocoaPods installation.\" >&2\n    exit 1\nfi\n# This output is used by Xcode 'outputs' to avoid re-running this script phase.\necho \"SUCCESS\" > \"${SCRIPT_OUTPUT_FILE_0}\"\n";
			showEnvVarsInLog = 0;
		};
		65901234F61BDA779695EB52 /* [CP] Embed Pods Frameworks */ = {
			isa = PBXShellScriptBuildPhase;
			buildActionMask = 2147483647;
			files = (
			);
			inputFileListPaths = (
			);
			inputPaths = (
			);
			name = "[CP] Embed Pods Frameworks";
			outputFileListPaths = (
			);
			outputPaths = (
			);
			runOnlyForDeploymentPostprocessing = 0;
			shellPath = /bin/sh;
			shellScript = "\"${SRCROOT}/Pods/Target Support Files/Pods-PrefixUITests/Pods-PrefixUITests-frameworks.sh\"\n";
			showEnvVarsInLog = 0;
		};
		8ACE8FE8FB44D7B0B4BB3D27 /* [CP] Copy Pods Resources */ = {
			isa = PBXShellScriptBuildPhase;
			buildActionMask = 2147483647;
			files = (
			);
			inputFileListPaths = (
			);
			inputPaths = (
			);
			name = "[CP] Copy Pods Resources";
			outputFileListPaths = (
			);
			outputPaths = (
			);
			runOnlyForDeploymentPostprocessing = 0;
			shellPath = /bin/sh;
			shellScript = "\"${SRCROOT}/Pods/Target Support Files/Pods-PrefixUITests/Pods-PrefixUITests-resources.sh\"\n";
			showEnvVarsInLog = 0;
		};
		BF794A29F3A33F531255648F /* [CP] Embed Pods Frameworks */ = {
			isa = PBXShellScriptBuildPhase;
			buildActionMask = 2147483647;
			files = (
			);
			inputFileListPaths = (
			);
			inputPaths = (
				"${SRCROOT}/Pods/Target Support Files/Pods-Prefix/Pods-Prefix-frameworks.sh",
				"${BUILT_PRODUCTS_DIR}/CodableFirebase/CodableFirebase.framework",
				"${BUILT_PRODUCTS_DIR}/GTMSessionFetcher/GTMSessionFetcher.framework",
				"${BUILT_PRODUCTS_DIR}/GoogleUtilities/GoogleUtilities.framework",
				"${BUILT_PRODUCTS_DIR}/SwiftyJSON/SwiftyJSON.framework",
				"${BUILT_PRODUCTS_DIR}/leveldb-library/leveldb.framework",
				"${BUILT_PRODUCTS_DIR}/nanopb/nanopb.framework",
			);
			name = "[CP] Embed Pods Frameworks";
			outputFileListPaths = (
			);
			outputPaths = (
				"${TARGET_BUILD_DIR}/${FRAMEWORKS_FOLDER_PATH}/CodableFirebase.framework",
				"${TARGET_BUILD_DIR}/${FRAMEWORKS_FOLDER_PATH}/GTMSessionFetcher.framework",
				"${TARGET_BUILD_DIR}/${FRAMEWORKS_FOLDER_PATH}/GoogleUtilities.framework",
				"${TARGET_BUILD_DIR}/${FRAMEWORKS_FOLDER_PATH}/SwiftyJSON.framework",
				"${TARGET_BUILD_DIR}/${FRAMEWORKS_FOLDER_PATH}/leveldb.framework",
				"${TARGET_BUILD_DIR}/${FRAMEWORKS_FOLDER_PATH}/nanopb.framework",
			);
			runOnlyForDeploymentPostprocessing = 0;
			shellPath = /bin/sh;
			shellScript = "\"${SRCROOT}/Pods/Target Support Files/Pods-Prefix/Pods-Prefix-frameworks.sh\"\n";
			showEnvVarsInLog = 0;
		};
		DD0C26DD2CC6067FE21BF327 /* [CP] Check Pods Manifest.lock */ = {
			isa = PBXShellScriptBuildPhase;
			buildActionMask = 2147483647;
			files = (
			);
			inputFileListPaths = (
			);
			inputPaths = (
				"${PODS_PODFILE_DIR_PATH}/Podfile.lock",
				"${PODS_ROOT}/Manifest.lock",
			);
			name = "[CP] Check Pods Manifest.lock";
			outputFileListPaths = (
			);
			outputPaths = (
				"$(DERIVED_FILE_DIR)/Pods-PrefixTests-checkManifestLockResult.txt",
			);
			runOnlyForDeploymentPostprocessing = 0;
			shellPath = /bin/sh;
			shellScript = "diff \"${PODS_PODFILE_DIR_PATH}/Podfile.lock\" \"${PODS_ROOT}/Manifest.lock\" > /dev/null\nif [ $? != 0 ] ; then\n    # print error to STDERR\n    echo \"error: The sandbox is not in sync with the Podfile.lock. Run 'pod install' or update your CocoaPods installation.\" >&2\n    exit 1\nfi\n# This output is used by Xcode 'outputs' to avoid re-running this script phase.\necho \"SUCCESS\" > \"${SCRIPT_OUTPUT_FILE_0}\"\n";
			showEnvVarsInLog = 0;
		};
		E42EB20E6F1AAF45DB38BAD1 /* [CP] Copy Pods Resources */ = {
			isa = PBXShellScriptBuildPhase;
			buildActionMask = 2147483647;
			files = (
			);
			inputFileListPaths = (
			);
			inputPaths = (
			);
			name = "[CP] Copy Pods Resources";
			outputFileListPaths = (
			);
			outputPaths = (
			);
			runOnlyForDeploymentPostprocessing = 0;
			shellPath = /bin/sh;
			shellScript = "\"${SRCROOT}/Pods/Target Support Files/Pods-PrefixTests/Pods-PrefixTests-resources.sh\"\n";
			showEnvVarsInLog = 0;
		};
/* End PBXShellScriptBuildPhase section */

/* Begin PBXSourcesBuildPhase section */
		A4358FE22201D39A00C556DA /* Sources */ = {
			isa = PBXSourcesBuildPhase;
			buildActionMask = 2147483647;
			files = (
				A4358FEC2201D39A00C556DA /* HomeViewController.swift in Sources */,
				A454FF7C220463AA0095A0CE /* Colors.swift in Sources */,
				A4358FEA2201D39A00C556DA /* AppDelegate.swift in Sources */,
				A454FF7A220463830095A0CE /* Font.swift in Sources */,
				A4358FF22201D39A00C556DA /* Prefix.xcdatamodeld in Sources */,
				A454FF782204636E0095A0CE /* Constants.swift in Sources */,
				A49AC2FF221AF0A400F11EB2 /* DetailViewController.swift in Sources */,
			);
			runOnlyForDeploymentPostprocessing = 0;
		};
		A4358FF92201D39B00C556DA /* Sources */ = {
			isa = PBXSourcesBuildPhase;
			buildActionMask = 2147483647;
			files = (
				A43590022201D39B00C556DA /* PrefixTests.swift in Sources */,
			);
			runOnlyForDeploymentPostprocessing = 0;
		};
		A43590042201D39B00C556DA /* Sources */ = {
			isa = PBXSourcesBuildPhase;
			buildActionMask = 2147483647;
			files = (
				A435900D2201D39B00C556DA /* PrefixUITests.swift in Sources */,
			);
			runOnlyForDeploymentPostprocessing = 0;
		};
/* End PBXSourcesBuildPhase section */

/* Begin PBXTargetDependency section */
		A4358FFF2201D39B00C556DA /* PBXTargetDependency */ = {
			isa = PBXTargetDependency;
			target = A4358FE52201D39A00C556DA /* Prefix */;
			targetProxy = A4358FFE2201D39B00C556DA /* PBXContainerItemProxy */;
		};
		A435900A2201D39B00C556DA /* PBXTargetDependency */ = {
			isa = PBXTargetDependency;
			target = A4358FE52201D39A00C556DA /* Prefix */;
			targetProxy = A43590092201D39B00C556DA /* PBXContainerItemProxy */;
		};
/* End PBXTargetDependency section */

/* Begin PBXVariantGroup section */
		A4358FED2201D39A00C556DA /* Main.storyboard */ = {
			isa = PBXVariantGroup;
			children = (
				A4358FEE2201D39A00C556DA /* Base */,
			);
			name = Main.storyboard;
			sourceTree = "<group>";
		};
		A4358FF52201D39B00C556DA /* LaunchScreen.storyboard */ = {
			isa = PBXVariantGroup;
			children = (
				A4358FF62201D39B00C556DA /* Base */,
			);
			name = LaunchScreen.storyboard;
			sourceTree = "<group>";
		};
/* End PBXVariantGroup section */

/* Begin XCBuildConfiguration section */
		A435900F2201D39B00C556DA /* Debug */ = {
			isa = XCBuildConfiguration;
			buildSettings = {
				ALWAYS_SEARCH_USER_PATHS = NO;
				CLANG_ANALYZER_NONNULL = YES;
				CLANG_ANALYZER_NUMBER_OBJECT_CONVERSION = YES_AGGRESSIVE;
				CLANG_CXX_LANGUAGE_STANDARD = "gnu++14";
				CLANG_CXX_LIBRARY = "libc++";
				CLANG_ENABLE_MODULES = YES;
				CLANG_ENABLE_OBJC_ARC = YES;
				CLANG_ENABLE_OBJC_WEAK = YES;
				CLANG_WARN_BLOCK_CAPTURE_AUTORELEASING = YES;
				CLANG_WARN_BOOL_CONVERSION = YES;
				CLANG_WARN_COMMA = YES;
				CLANG_WARN_CONSTANT_CONVERSION = YES;
				CLANG_WARN_DEPRECATED_OBJC_IMPLEMENTATIONS = YES;
				CLANG_WARN_DIRECT_OBJC_ISA_USAGE = YES_ERROR;
				CLANG_WARN_DOCUMENTATION_COMMENTS = YES;
				CLANG_WARN_EMPTY_BODY = YES;
				CLANG_WARN_ENUM_CONVERSION = YES;
				CLANG_WARN_INFINITE_RECURSION = YES;
				CLANG_WARN_INT_CONVERSION = YES;
				CLANG_WARN_NON_LITERAL_NULL_CONVERSION = YES;
				CLANG_WARN_OBJC_IMPLICIT_RETAIN_SELF = YES;
				CLANG_WARN_OBJC_LITERAL_CONVERSION = YES;
				CLANG_WARN_OBJC_ROOT_CLASS = YES_ERROR;
				CLANG_WARN_RANGE_LOOP_ANALYSIS = YES;
				CLANG_WARN_STRICT_PROTOTYPES = YES;
				CLANG_WARN_SUSPICIOUS_MOVE = YES;
				CLANG_WARN_UNGUARDED_AVAILABILITY = YES_AGGRESSIVE;
				CLANG_WARN_UNREACHABLE_CODE = YES;
				CLANG_WARN__DUPLICATE_METHOD_MATCH = YES;
				CODE_SIGN_IDENTITY = "iPhone Developer";
				COPY_PHASE_STRIP = NO;
				DEBUG_INFORMATION_FORMAT = dwarf;
				ENABLE_STRICT_OBJC_MSGSEND = YES;
				ENABLE_TESTABILITY = YES;
				GCC_C_LANGUAGE_STANDARD = gnu11;
				GCC_DYNAMIC_NO_PIC = NO;
				GCC_NO_COMMON_BLOCKS = YES;
				GCC_OPTIMIZATION_LEVEL = 0;
				GCC_PREPROCESSOR_DEFINITIONS = (
					"DEBUG=1",
					"$(inherited)",
				);
				GCC_WARN_64_TO_32_BIT_CONVERSION = YES;
				GCC_WARN_ABOUT_RETURN_TYPE = YES_ERROR;
				GCC_WARN_UNDECLARED_SELECTOR = YES;
				GCC_WARN_UNINITIALIZED_AUTOS = YES_AGGRESSIVE;
				GCC_WARN_UNUSED_FUNCTION = YES;
				GCC_WARN_UNUSED_VARIABLE = YES;
				IPHONEOS_DEPLOYMENT_TARGET = 12.1;
				MTL_ENABLE_DEBUG_INFO = INCLUDE_SOURCE;
				MTL_FAST_MATH = YES;
				ONLY_ACTIVE_ARCH = YES;
				SDKROOT = iphoneos;
				SWIFT_ACTIVE_COMPILATION_CONDITIONS = DEBUG;
				SWIFT_OPTIMIZATION_LEVEL = "-Onone";
			};
			name = Debug;
		};
		A43590102201D39B00C556DA /* Release */ = {
			isa = XCBuildConfiguration;
			buildSettings = {
				ALWAYS_SEARCH_USER_PATHS = NO;
				CLANG_ANALYZER_NONNULL = YES;
				CLANG_ANALYZER_NUMBER_OBJECT_CONVERSION = YES_AGGRESSIVE;
				CLANG_CXX_LANGUAGE_STANDARD = "gnu++14";
				CLANG_CXX_LIBRARY = "libc++";
				CLANG_ENABLE_MODULES = YES;
				CLANG_ENABLE_OBJC_ARC = YES;
				CLANG_ENABLE_OBJC_WEAK = YES;
				CLANG_WARN_BLOCK_CAPTURE_AUTORELEASING = YES;
				CLANG_WARN_BOOL_CONVERSION = YES;
				CLANG_WARN_COMMA = YES;
				CLANG_WARN_CONSTANT_CONVERSION = YES;
				CLANG_WARN_DEPRECATED_OBJC_IMPLEMENTATIONS = YES;
				CLANG_WARN_DIRECT_OBJC_ISA_USAGE = YES_ERROR;
				CLANG_WARN_DOCUMENTATION_COMMENTS = YES;
				CLANG_WARN_EMPTY_BODY = YES;
				CLANG_WARN_ENUM_CONVERSION = YES;
				CLANG_WARN_INFINITE_RECURSION = YES;
				CLANG_WARN_INT_CONVERSION = YES;
				CLANG_WARN_NON_LITERAL_NULL_CONVERSION = YES;
				CLANG_WARN_OBJC_IMPLICIT_RETAIN_SELF = YES;
				CLANG_WARN_OBJC_LITERAL_CONVERSION = YES;
				CLANG_WARN_OBJC_ROOT_CLASS = YES_ERROR;
				CLANG_WARN_RANGE_LOOP_ANALYSIS = YES;
				CLANG_WARN_STRICT_PROTOTYPES = YES;
				CLANG_WARN_SUSPICIOUS_MOVE = YES;
				CLANG_WARN_UNGUARDED_AVAILABILITY = YES_AGGRESSIVE;
				CLANG_WARN_UNREACHABLE_CODE = YES;
				CLANG_WARN__DUPLICATE_METHOD_MATCH = YES;
				CODE_SIGN_IDENTITY = "iPhone Developer";
				COPY_PHASE_STRIP = NO;
				DEBUG_INFORMATION_FORMAT = "dwarf-with-dsym";
				ENABLE_NS_ASSERTIONS = NO;
				ENABLE_STRICT_OBJC_MSGSEND = YES;
				GCC_C_LANGUAGE_STANDARD = gnu11;
				GCC_NO_COMMON_BLOCKS = YES;
				GCC_WARN_64_TO_32_BIT_CONVERSION = YES;
				GCC_WARN_ABOUT_RETURN_TYPE = YES_ERROR;
				GCC_WARN_UNDECLARED_SELECTOR = YES;
				GCC_WARN_UNINITIALIZED_AUTOS = YES_AGGRESSIVE;
				GCC_WARN_UNUSED_FUNCTION = YES;
				GCC_WARN_UNUSED_VARIABLE = YES;
				IPHONEOS_DEPLOYMENT_TARGET = 12.1;
				MTL_ENABLE_DEBUG_INFO = NO;
				MTL_FAST_MATH = YES;
				SDKROOT = iphoneos;
				SWIFT_COMPILATION_MODE = wholemodule;
				SWIFT_OPTIMIZATION_LEVEL = "-O";
				VALIDATE_PRODUCT = YES;
			};
			name = Release;
		};
		A43590122201D39B00C556DA /* Debug */ = {
			isa = XCBuildConfiguration;
			baseConfigurationReference = EDF314E5BCA20BCB3D61AE91 /* Pods-Prefix.debug.xcconfig */;
			buildSettings = {
				ASSETCATALOG_COMPILER_APPICON_NAME = AppIcon;
				CODE_SIGN_STYLE = Automatic;
				DEVELOPMENT_TEAM = ZWJY3MNGM6;
				INFOPLIST_FILE = Prefix/Info.plist;
				LD_RUNPATH_SEARCH_PATHS = (
					"$(inherited)",
					"@executable_path/Frameworks",
				);
				PRODUCT_BUNDLE_IDENTIFIER = com.sambaviking.Prefix;
				PRODUCT_NAME = "$(TARGET_NAME)";
				SWIFT_VERSION = 4.2;
				TARGETED_DEVICE_FAMILY = "1,2";
			};
			name = Debug;
		};
		A43590132201D39B00C556DA /* Release */ = {
			isa = XCBuildConfiguration;
			baseConfigurationReference = 72DD71FD0DEEDC2028E5B47C /* Pods-Prefix.release.xcconfig */;
			buildSettings = {
				ASSETCATALOG_COMPILER_APPICON_NAME = AppIcon;
				CODE_SIGN_STYLE = Automatic;
				DEVELOPMENT_TEAM = ZWJY3MNGM6;
				INFOPLIST_FILE = Prefix/Info.plist;
				LD_RUNPATH_SEARCH_PATHS = (
					"$(inherited)",
					"@executable_path/Frameworks",
				);
				PRODUCT_BUNDLE_IDENTIFIER = com.sambaviking.Prefix;
				PRODUCT_NAME = "$(TARGET_NAME)";
				SWIFT_VERSION = 4.2;
				TARGETED_DEVICE_FAMILY = "1,2";
			};
			name = Release;
		};
		A43590152201D39B00C556DA /* Debug */ = {
			isa = XCBuildConfiguration;
			baseConfigurationReference = 208D323FB2777A43419D33B0 /* Pods-PrefixTests.debug.xcconfig */;
			buildSettings = {
				ALWAYS_EMBED_SWIFT_STANDARD_LIBRARIES = YES;
				BUNDLE_LOADER = "$(TEST_HOST)";
				CODE_SIGN_STYLE = Automatic;
				DEVELOPMENT_TEAM = ZWJY3MNGM6;
				INFOPLIST_FILE = PrefixTests/Info.plist;
				LD_RUNPATH_SEARCH_PATHS = (
					"$(inherited)",
					"@executable_path/Frameworks",
					"@loader_path/Frameworks",
				);
				PRODUCT_BUNDLE_IDENTIFIER = com.sambaviking.PrefixTests;
				PRODUCT_NAME = "$(TARGET_NAME)";
				SWIFT_VERSION = 4.2;
				TARGETED_DEVICE_FAMILY = "1,2";
				TEST_HOST = "$(BUILT_PRODUCTS_DIR)/Prefix.app/Prefix";
			};
			name = Debug;
		};
		A43590162201D39B00C556DA /* Release */ = {
			isa = XCBuildConfiguration;
			baseConfigurationReference = DC40F991C0F95306D670942C /* Pods-PrefixTests.release.xcconfig */;
			buildSettings = {
				ALWAYS_EMBED_SWIFT_STANDARD_LIBRARIES = YES;
				BUNDLE_LOADER = "$(TEST_HOST)";
				CODE_SIGN_STYLE = Automatic;
				DEVELOPMENT_TEAM = ZWJY3MNGM6;
				INFOPLIST_FILE = PrefixTests/Info.plist;
				LD_RUNPATH_SEARCH_PATHS = (
					"$(inherited)",
					"@executable_path/Frameworks",
					"@loader_path/Frameworks",
				);
				PRODUCT_BUNDLE_IDENTIFIER = com.sambaviking.PrefixTests;
				PRODUCT_NAME = "$(TARGET_NAME)";
				SWIFT_VERSION = 4.2;
				TARGETED_DEVICE_FAMILY = "1,2";
				TEST_HOST = "$(BUILT_PRODUCTS_DIR)/Prefix.app/Prefix";
			};
			name = Release;
		};
		A43590182201D39B00C556DA /* Debug */ = {
			isa = XCBuildConfiguration;
			baseConfigurationReference = DC52D55842406021BD086293 /* Pods-PrefixUITests.debug.xcconfig */;
			buildSettings = {
				ALWAYS_EMBED_SWIFT_STANDARD_LIBRARIES = YES;
				CODE_SIGN_STYLE = Automatic;
				DEVELOPMENT_TEAM = ZWJY3MNGM6;
				INFOPLIST_FILE = PrefixUITests/Info.plist;
				LD_RUNPATH_SEARCH_PATHS = (
					"$(inherited)",
					"@executable_path/Frameworks",
					"@loader_path/Frameworks",
				);
				PRODUCT_BUNDLE_IDENTIFIER = com.sambaviking.PrefixUITests;
				PRODUCT_NAME = "$(TARGET_NAME)";
				SWIFT_VERSION = 4.2;
				TARGETED_DEVICE_FAMILY = "1,2";
				TEST_TARGET_NAME = Prefix;
			};
			name = Debug;
		};
		A43590192201D39B00C556DA /* Release */ = {
			isa = XCBuildConfiguration;
			baseConfigurationReference = 4BE87C61FC1A88BDE871A2EB /* Pods-PrefixUITests.release.xcconfig */;
			buildSettings = {
				ALWAYS_EMBED_SWIFT_STANDARD_LIBRARIES = YES;
				CODE_SIGN_STYLE = Automatic;
				DEVELOPMENT_TEAM = ZWJY3MNGM6;
				INFOPLIST_FILE = PrefixUITests/Info.plist;
				LD_RUNPATH_SEARCH_PATHS = (
					"$(inherited)",
					"@executable_path/Frameworks",
					"@loader_path/Frameworks",
				);
				PRODUCT_BUNDLE_IDENTIFIER = com.sambaviking.PrefixUITests;
				PRODUCT_NAME = "$(TARGET_NAME)";
				SWIFT_VERSION = 4.2;
				TARGETED_DEVICE_FAMILY = "1,2";
				TEST_TARGET_NAME = Prefix;
			};
			name = Release;
		};
/* End XCBuildConfiguration section */

/* Begin XCConfigurationList section */
		A4358FE12201D39A00C556DA /* Build configuration list for PBXProject "Prefix" */ = {
			isa = XCConfigurationList;
			buildConfigurations = (
				A435900F2201D39B00C556DA /* Debug */,
				A43590102201D39B00C556DA /* Release */,
			);
			defaultConfigurationIsVisible = 0;
			defaultConfigurationName = Release;
		};
		A43590112201D39B00C556DA /* Build configuration list for PBXNativeTarget "Prefix" */ = {
			isa = XCConfigurationList;
			buildConfigurations = (
				A43590122201D39B00C556DA /* Debug */,
				A43590132201D39B00C556DA /* Release */,
			);
			defaultConfigurationIsVisible = 0;
			defaultConfigurationName = Release;
		};
		A43590142201D39B00C556DA /* Build configuration list for PBXNativeTarget "PrefixTests" */ = {
			isa = XCConfigurationList;
			buildConfigurations = (
				A43590152201D39B00C556DA /* Debug */,
				A43590162201D39B00C556DA /* Release */,
			);
			defaultConfigurationIsVisible = 0;
			defaultConfigurationName = Release;
		};
		A43590172201D39B00C556DA /* Build configuration list for PBXNativeTarget "PrefixUITests" */ = {
			isa = XCConfigurationList;
			buildConfigurations = (
				A43590182201D39B00C556DA /* Debug */,
				A43590192201D39B00C556DA /* Release */,
			);
			defaultConfigurationIsVisible = 0;
			defaultConfigurationName = Release;
		};
/* End XCConfigurationList section */

/* Begin XCVersionGroup section */
		A4358FF02201D39A00C556DA /* Prefix.xcdatamodeld */ = {
			isa = XCVersionGroup;
			children = (
				A4358FF12201D39A00C556DA /* Prefix.xcdatamodel */,
			);
			currentVersion = A4358FF12201D39A00C556DA /* Prefix.xcdatamodel */;
			path = Prefix.xcdatamodeld;
			sourceTree = "<group>";
			versionGroupType = wrapper.xcdatamodel;
		};
/* End XCVersionGroup section */
	};
	rootObject = A4358FDE2201D39A00C556DA /* Project object */;
}
